
Microsoft Visual Studio Solution File, Format Version 12.00
# Visual Studio Version 17
VisualStudioVersion = 17.5.001.0
MinimumVisualStudioVersion = 10.0.40219.1
Project("{9A19103F-16F7-4668-BE54-9A1E7A4F7556}") = "Core", "Core\Core.csproj", "{3FAE7318-CEEB-46C3-9948-65F82FED5D74}"
EndProject
Project("{9A19103F-16F7-4668-BE54-9A1E7A4F7556}") = "Tests", "Tests\Tests.csproj", "{FB707F91-10E1-416E-81D0-49233E3B2E8D}"
EndProject
Project("{FAE04EC0-301F-11D3-BF4B-00C04F79EFBC}") = "Notification", "Notification\Notification.csproj", "{DA2D33B4-0609-4ED7-AE99-4A398DDDDEAE}"
EndProject
Global
	GlobalSection(SolutionConfigurationPlatforms) = preSolution
		Debug|Any CPU = Debug|Any CPU
		Release|Any CPU = Release|Any CPU
	EndGlobalSection
	GlobalSection(ProjectConfigurationPlatforms) = postSolution
		{3FAE7318-CEEB-46C3-9948-65F82FED5D74}.Debug|Any CPU.ActiveCfg = Debug|Any CPU
		{3FAE7318-CEEB-46C3-9948-65F82FED5D74}.Debug|Any CPU.Build.0 = Debug|Any CPU
		{3FAE7318-CEEB-46C3-9948-65F82FED5D74}.Release|Any CPU.ActiveCfg = Release|Any CPU
		{3FAE7318-CEEB-46C3-9948-65F82FED5D74}.Release|Any CPU.Build.0 = Release|Any CPU
		{FB707F91-10E1-416E-81D0-49233E3B2E8D}.Debug|Any CPU.ActiveCfg = Debug|Any CPU
		{FB707F91-10E1-416E-81D0-49233E3B2E8D}.Debug|Any CPU.Build.0 = Debug|Any CPU
		{FB707F91-10E1-416E-81D0-49233E3B2E8D}.Release|Any CPU.ActiveCfg = Release|Any CPU
		{FB707F91-10E1-416E-81D0-49233E3B2E8D}.Release|Any CPU.Build.0 = Release|Any CPU
		{DA2D33B4-0609-4ED7-AE99-4A398DDDDEAE}.Debug|Any CPU.ActiveCfg = Debug|Any CPU
		{DA2D33B4-0609-4ED7-AE99-4A398DDDDEAE}.Debug|Any CPU.Build.0 = Debug|Any CPU
		{DA2D33B4-0609-4ED7-AE99-4A398DDDDEAE}.Release|Any CPU.ActiveCfg = Release|Any CPU
		{DA2D33B4-0609-4ED7-AE99-4A398DDDDEAE}.Release|Any CPU.Build.0 = Release|Any CPU
	EndGlobalSection
	GlobalSection(SolutionProperties) = preSolution
		HideSolutionNode = FALSE
	EndGlobalSection
	GlobalSection(ExtensibilityGlobals) = postSolution
		SolutionGuid = {6E3426E6-BAB5-47E0-B827-451603B758CE}
	EndGlobalSection
EndGlobal
